<Solution>
  <Project Path="src/StorageSystem.Api/StorageSystem.Api.csproj" />
  <Project Path="src/StorageSystem.Application/StorageSystem.Application.csproj" />
  <Project Path="src/StorageSystem.Domain/StorageSystem.Domain.csproj" />
  <Project Path="src/StorageSystem.Infrastructure/StorageSystem.Infrastructure.csproj" />
  <Project Path="tests/StorageSystem.Application.Tests/StorageSystem.Application.Tests.csproj" />
</Solution>
